// !$*UTF8*$!
{
	archiveVersion = 1;
	classes = {
	};
	objectVersion = 52;
	objects = {

/* Begin PBXBuildFile section */
		F40BEA392668C77100E027E1 /* FirebaseIssue8005App.swift in Sources */ = {isa = PBXBuildFile; fileRef = F40BEA382668C77100E027E1 /* FirebaseIssue8005App.swift */; };
		F40BEA3B2668C77100E027E1 /* ContentView.swift in Sources */ = {isa = PBXBuildFile; fileRef = F40BEA3A2668C77100E027E1 /* ContentView.swift */; };
		F40BEA3D2668C77100E027E1 /* Assets.xcassets in Resources */ = {isa = PBXBuildFile; fileRef = F40BEA3C2668C77100E027E1 /* Assets.xcassets */; };
		F40BEA402668C77100E027E1 /* Preview Assets.xcassets in Resources */ = {isa = PBXBuildFile; fileRef = F40BEA3F2668C77100E027E1 /* Preview Assets.xcassets */; };
		F40BEA632668C82200E027E1 /* GoogleDataTransport.xcframework in Frameworks */ = {isa = PBXBuildFile; fileRef = F40BEA5A2668C82200E027E1 /* GoogleDataTransport.xcframework */; };
		F40BEA642668C82200E027E1 /* FirebaseInstallations.xcframework in Frameworks */ = {isa = PBXBuildFile; fileRef = F40BEA5B2668C82200E027E1 /* FirebaseInstallations.xcframework */; };
		F40BEA652668C82200E027E1 /* FirebaseCoreDiagnostics.xcframework in Frameworks */ = {isa = PBXBuildFile; fileRef = F40BEA5C2668C82200E027E1 /* FirebaseCoreDiagnostics.xcframework */; };
		F40BEA662668C82200E027E1 /* GoogleUtilities.xcframework in Frameworks */ = {isa = PBXBuildFile; fileRef = F40BEA5D2668C82200E027E1 /* GoogleUtilities.xcframework */; };
		F40BEA672668C82200E027E1 /* nanopb.xcframework in Frameworks */ = {isa = PBXBuildFile; fileRef = F40BEA5E2668C82200E027E1 /* nanopb.xcframework */; };
		F40BEA682668C82200E027E1 /* FirebaseCore.xcframework in Frameworks */ = {isa = PBXBuildFile; fileRef = F40BEA5F2668C82200E027E1 /* FirebaseCore.xcframework */; };
		F40BEA692668C82200E027E1 /* PromisesObjC.xcframework in Frameworks */ = {isa = PBXBuildFile; fileRef = F40BEA602668C82200E027E1 /* PromisesObjC.xcframework */; };
		F40BEA6A2668C82200E027E1 /* GoogleAppMeasurement.xcframework in Frameworks */ = {isa = PBXBuildFile; fileRef = F40BEA612668C82200E027E1 /* GoogleAppMeasurement.xcframework */; };
		F40BEA6B2668C82200E027E1 /* FirebaseAnalytics.xcframework in Frameworks */ = {isa = PBXBuildFile; fileRef = F40BEA622668C82200E027E1 /* FirebaseAnalytics.xcframework */; };
		F40BEA6E2668CA0B00E027E1 /* leveldb-library.xcframework in Frameworks */ = {isa = PBXBuildFile; fileRef = F40BEA6C2668CA0B00E027E1 /* leveldb-library.xcframework */; };
		F40BEA6F2668CA0B00E027E1 /* FirebaseDatabase.xcframework in Frameworks */ = {isa = PBXBuildFile; fileRef = F40BEA6D2668CA0B00E027E1 /* FirebaseDatabase.xcframework */; };
		F40BEA762668CA2F00E027E1 /* gRPC-Core.xcframework in Frameworks */ = {isa = PBXBuildFile; fileRef = F40BEA702668CA2F00E027E1 /* gRPC-Core.xcframework */; };
		F40BEA772668CA2F00E027E1 /* gRPC-C++.xcframework in Frameworks */ = {isa = PBXBuildFile; fileRef = F40BEA712668CA2F00E027E1 /* gRPC-C++.xcframework */; };
		F40BEA792668CA2F00E027E1 /* BoringSSL-GRPC.xcframework in Frameworks */ = {isa = PBXBuildFile; fileRef = F40BEA732668CA2F00E027E1 /* BoringSSL-GRPC.xcframework */; };
		F40BEA7A2668CA2F00E027E1 /* abseil.xcframework in Frameworks */ = {isa = PBXBuildFile; fileRef = F40BEA742668CA2F00E027E1 /* abseil.xcframework */; };
		F40BEA7B2668CA2F00E027E1 /* FirebaseFirestore.xcframework in Frameworks */ = {isa = PBXBuildFile; fileRef = F40BEA752668CA2F00E027E1 /* FirebaseFirestore.xcframework */; };
		F40BEA7E2668CA3C00E027E1 /* GTMSessionFetcher.xcframework in Frameworks */ = {isa = PBXBuildFile; fileRef = F40BEA7C2668CA3C00E027E1 /* GTMSessionFetcher.xcframework */; };
		F40BEA7F2668CA3C00E027E1 /* FirebaseStorage.xcframework in Frameworks */ = {isa = PBXBuildFile; fileRef = F40BEA7D2668CA3C00E027E1 /* FirebaseStorage.xcframework */; };
		F40BEA842668CE6C00E027E1 /* libc++.tbd in Frameworks */ = {isa = PBXBuildFile; fileRef = F40BEA832668CE6000E027E1 /* libc++.tbd */; };
		F40BEA862668D08C00E027E1 /* GoogleService-Info.plist in Resources */ = {isa = PBXBuildFile; fileRef = F40BEA852668D08C00E027E1 /* GoogleService-Info.plist */; };
		F40BEA882668D3B100E027E1 /* AppDelegate.swift in Sources */ = {isa = PBXBuildFile; fileRef = F40BEA872668D3B100E027E1 /* AppDelegate.swift */; };
/* End PBXBuildFile section */

/* Begin PBXFileReference section */
		F40BEA352668C77100E027E1 /* FirebaseIssue8005.app */ = {isa = PBXFileReference; explicitFileType = wrapper.application; includeInIndex = 0; path = FirebaseIssue8005.app; sourceTree = BUILT_PRODUCTS_DIR; };
		F40BEA382668C77100E027E1 /* FirebaseIssue8005App.swift */ = {isa = PBXFileReference; lastKnownFileType = sourcecode.swift; path = FirebaseIssue8005App.swift; sourceTree = "<group>"; };
		F40BEA3A2668C77100E027E1 /* ContentView.swift */ = {isa = PBXFileReference; lastKnownFileType = sourcecode.swift; path = ContentView.swift; sourceTree = "<group>"; };
		F40BEA3C2668C77100E027E1 /* Assets.xcassets */ = {isa = PBXFileReference; lastKnownFileType = folder.assetcatalog; path = Assets.xcassets; sourceTree = "<group>"; };
		F40BEA3F2668C77100E027E1 /* Preview Assets.xcassets */ = {isa = PBXFileReference; lastKnownFileType = folder.assetcatalog; path = "Preview Assets.xcassets"; sourceTree = "<group>"; };
		F40BEA412668C77100E027E1 /* Info.plist */ = {isa = PBXFileReference; lastKnownFileType = text.plist.xml; path = Info.plist; sourceTree = "<group>"; };
		F40BEA5A2668C82200E027E1 /* GoogleDataTransport.xcframework */ = {isa = PBXFileReference; lastKnownFileType = wrapper.xcframework; name = GoogleDataTransport.xcframework; path = Firebase/GoogleDataTransport.xcframework; sourceTree = "<group>"; };
		F40BEA5B2668C82200E027E1 /* FirebaseInstallations.xcframework */ = {isa = PBXFileReference; lastKnownFileType = wrapper.xcframework; name = FirebaseInstallations.xcframework; path = Firebase/FirebaseInstallations.xcframework; sourceTree = "<group>"; };
		F40BEA5C2668C82200E027E1 /* FirebaseCoreDiagnostics.xcframework */ = {isa = PBXFileReference; lastKnownFileType = wrapper.xcframework; name = FirebaseCoreDiagnostics.xcframework; path = Firebase/FirebaseCoreDiagnostics.xcframework; sourceTree = "<group>"; };
		F40BEA5D2668C82200E027E1 /* GoogleUtilities.xcframework */ = {isa = PBXFileReference; lastKnownFileType = wrapper.xcframework; name = GoogleUtilities.xcframework; path = Firebase/GoogleUtilities.xcframework; sourceTree = "<group>"; };
		F40BEA5E2668C82200E027E1 /* nanopb.xcframework */ = {isa = PBXFileReference; lastKnownFileType = wrapper.xcframework; name = nanopb.xcframework; path = Firebase/nanopb.xcframework; sourceTree = "<group>"; };
		F40BEA5F2668C82200E027E1 /* FirebaseCore.xcframework */ = {isa = PBXFileReference; lastKnownFileType = wrapper.xcframework; name = FirebaseCore.xcframework; path = Firebase/FirebaseCore.xcframework; sourceTree = "<group>"; };
		F40BEA602668C82200E027E1 /* PromisesObjC.xcframework */ = {isa = PBXFileReference; lastKnownFileType = wrapper.xcframework; name = PromisesObjC.xcframework; path = Firebase/PromisesObjC.xcframework; sourceTree = "<group>"; };
		F40BEA612668C82200E027E1 /* GoogleAppMeasurement.xcframework */ = {isa = PBXFileReference; lastKnownFileType = wrapper.xcframework; name = GoogleAppMeasurement.xcframework; path = Firebase/GoogleAppMeasurement.xcframework; sourceTree = "<group>"; };
		F40BEA622668C82200E027E1 /* FirebaseAnalytics.xcframework */ = {isa = PBXFileReference; lastKnownFileType = wrapper.xcframework; name = FirebaseAnalytics.xcframework; path = Firebase/FirebaseAnalytics.xcframework; sourceTree = "<group>"; };
		F40BEA6C2668CA0B00E027E1 /* leveldb-library.xcframework */ = {isa = PBXFileReference; lastKnownFileType = wrapper.xcframework; name = "leveldb-library.xcframework"; path = "Firebase/leveldb-library.xcframework"; sourceTree = "<group>"; };
		F40BEA6D2668CA0B00E027E1 /* FirebaseDatabase.xcframework */ = {isa = PBXFileReference; lastKnownFileType = wrapper.xcframework; name = FirebaseDatabase.xcframework; path = Firebase/FirebaseDatabase.xcframework; sourceTree = "<group>"; };
		F40BEA702668CA2F00E027E1 /* gRPC-Core.xcframework */ = {isa = PBXFileReference; lastKnownFileType = wrapper.xcframework; name = "gRPC-Core.xcframework"; path = "Firebase/gRPC-Core.xcframework"; sourceTree = "<group>"; };
		F40BEA712668CA2F00E027E1 /* gRPC-C++.xcframework */ = {isa = PBXFileReference; lastKnownFileType = wrapper.xcframework; name = "gRPC-C++.xcframework"; path = "Firebase/gRPC-C++.xcframework"; sourceTree = "<group>"; };
		F40BEA722668CA2F00E027E1 /* Resources */ = {isa = PBXFileReference; lastKnownFileType = folder; name = Resources; path = Firebase/Resources; sourceTree = "<group>"; };
		F40BEA732668CA2F00E027E1 /* BoringSSL-GRPC.xcframework */ = {isa = PBXFileReference; lastKnownFileType = wrapper.xcframework; name = "BoringSSL-GRPC.xcframework"; path = "Firebase/BoringSSL-GRPC.xcframework"; sourceTree = "<group>"; };
		F40BEA742668CA2F00E027E1 /* abseil.xcframework */ = {isa = PBXFileReference; lastKnownFileType = wrapper.xcframework; name = abseil.xcframework; path = Firebase/abseil.xcframework; sourceTree = "<group>"; };
		F40BEA752668CA2F00E027E1 /* FirebaseFirestore.xcframework */ = {isa = PBXFileReference; lastKnownFileType = wrapper.xcframework; name = FirebaseFirestore.xcframework; path = Firebase/FirebaseFirestore.xcframework; sourceTree = "<group>"; };
		F40BEA7C2668CA3C00E027E1 /* GTMSessionFetcher.xcframework */ = {isa = PBXFileReference; lastKnownFileType = wrapper.xcframework; name = GTMSessionFetcher.xcframework; path = Firebase/GTMSessionFetcher.xcframework; sourceTree = "<group>"; };
		F40BEA7D2668CA3C00E027E1 /* FirebaseStorage.xcframework */ = {isa = PBXFileReference; lastKnownFileType = wrapper.xcframework; name = FirebaseStorage.xcframework; path = Firebase/FirebaseStorage.xcframework; sourceTree = "<group>"; };
		F40BEA802668CA9400E027E1 /* Firebase.h */ = {isa = PBXFileReference; fileEncoding = 4; lastKnownFileType = sourcecode.c.h; path = Firebase.h; sourceTree = "<group>"; };
		F40BEA812668CAA100E027E1 /* module.modulemap */ = {isa = PBXFileReference; fileEncoding = 4; lastKnownFileType = "sourcecode.module-map"; path = module.modulemap; sourceTree = "<group>"; };
		F40BEA832668CE6000E027E1 /* libc++.tbd */ = {isa = PBXFileReference; lastKnownFileType = "sourcecode.text-based-dylib-definition"; name = "libc++.tbd"; path = "usr/lib/libc++.tbd"; sourceTree = SDKROOT; };
		F40BEA852668D08C00E027E1 /* GoogleService-Info.plist */ = {isa = PBXFileReference; fileEncoding = 4; lastKnownFileType = text.plist.xml; path = "GoogleService-Info.plist"; sourceTree = "<group>"; };
		F40BEA872668D3B100E027E1 /* AppDelegate.swift */ = {isa = PBXFileReference; lastKnownFileType = sourcecode.swift; path = AppDelegate.swift; sourceTree = "<group>"; };
		F40BEA892668D55400E027E1 /* README.md */ = {isa = PBXFileReference; lastKnownFileType = net.daringfireball.markdown; path = README.md; sourceTree = "<group>"; };
/* End PBXFileReference section */

/* Begin PBXFrameworksBuildPhase section */
		F40BEA322668C77100E027E1 /* Frameworks */ = {
			isa = PBXFrameworksBuildPhase;
			buildActionMask = 2147483647;
			files = (
				F40BEA642668C82200E027E1 /* FirebaseInstallations.xcframework in Frameworks */,
				F40BEA682668C82200E027E1 /* FirebaseCore.xcframework in Frameworks */,
				F40BEA762668CA2F00E027E1 /* gRPC-Core.xcframework in Frameworks */,
				F40BEA652668C82200E027E1 /* FirebaseCoreDiagnostics.xcframework in Frameworks */,
				F40BEA842668CE6C00E027E1 /* libc++.tbd in Frameworks */,
				F40BEA692668C82200E027E1 /* PromisesObjC.xcframework in Frameworks */,
				F40BEA6F2668CA0B00E027E1 /* FirebaseDatabase.xcframework in Frameworks */,
				F40BEA6E2668CA0B00E027E1 /* leveldb-library.xcframework in Frameworks */,
				F40BEA632668C82200E027E1 /* GoogleDataTransport.xcframework in Frameworks */,
				F40BEA7B2668CA2F00E027E1 /* FirebaseFirestore.xcframework in Frameworks */,
				F40BEA6B2668C82200E027E1 /* FirebaseAnalytics.xcframework in Frameworks */,
				F40BEA7F2668CA3C00E027E1 /* FirebaseStorage.xcframework in Frameworks */,
				F40BEA672668C82200E027E1 /* nanopb.xcframework in Frameworks */,
				F40BEA772668CA2F00E027E1 /* gRPC-C++.xcframework in Frameworks */,
				F40BEA7E2668CA3C00E027E1 /* GTMSessionFetcher.xcframework in Frameworks */,
				F40BEA792668CA2F00E027E1 /* BoringSSL-GRPC.xcframework in Frameworks */,
				F40BEA6A2668C82200E027E1 /* GoogleAppMeasurement.xcframework in Frameworks */,
				F40BEA662668C82200E027E1 /* GoogleUtilities.xcframework in Frameworks */,
				F40BEA7A2668CA2F00E027E1 /* abseil.xcframework in Frameworks */,
			);
			runOnlyForDeploymentPostprocessing = 0;
		};
/* End PBXFrameworksBuildPhase section */

/* Begin PBXGroup section */
		F40BEA2C2668C77100E027E1 = {
			isa = PBXGroup;
			children = (
				F40BEA892668D55400E027E1 /* README.md */,
				F40BEA372668C77100E027E1 /* FirebaseIssue8005 */,
				F40BEA592668C7F100E027E1 /* Frameworks */,
				F40BEA362668C77100E027E1 /* Products */,
			);
			sourceTree = "<group>";
		};
		F40BEA362668C77100E027E1 /* Products */ = {
			isa = PBXGroup;
			children = (
				F40BEA352668C77100E027E1 /* FirebaseIssue8005.app */,
			);
			name = Products;
			sourceTree = "<group>";
		};
		F40BEA372668C77100E027E1 /* FirebaseIssue8005 */ = {
			isa = PBXGroup;
			children = (
				F40BEA802668CA9400E027E1 /* Firebase.h */,
				F40BEA812668CAA100E027E1 /* module.modulemap */,
				F40BEA852668D08C00E027E1 /* GoogleService-Info.plist */,
				F40BEA412668C77100E027E1 /* Info.plist */,
				F40BEA872668D3B100E027E1 /* AppDelegate.swift */,
				F40BEA3A2668C77100E027E1 /* ContentView.swift */,
				F40BEA382668C77100E027E1 /* FirebaseIssue8005App.swift */,
				F40BEA3C2668C77100E027E1 /* Assets.xcassets */,
				F40BEA3E2668C77100E027E1 /* Preview Content */,
			);
			path = FirebaseIssue8005;
			sourceTree = "<group>";
		};
		F40BEA3E2668C77100E027E1 /* Preview Content */ = {
			isa = PBXGroup;
			children = (
				F40BEA3F2668C77100E027E1 /* Preview Assets.xcassets */,
			);
			path = "Preview Content";
			sourceTree = "<group>";
		};
		F40BEA592668C7F100E027E1 /* Frameworks */ = {
			isa = PBXGroup;
			children = (
				F40BEA832668CE6000E027E1 /* libc++.tbd */,
				F40BEA722668CA2F00E027E1 /* Resources */,
				F40BEA742668CA2F00E027E1 /* abseil.xcframework */,
				F40BEA732668CA2F00E027E1 /* BoringSSL-GRPC.xcframework */,
				F40BEA622668C82200E027E1 /* FirebaseAnalytics.xcframework */,
				F40BEA5F2668C82200E027E1 /* FirebaseCore.xcframework */,
				F40BEA5C2668C82200E027E1 /* FirebaseCoreDiagnostics.xcframework */,
				F40BEA6D2668CA0B00E027E1 /* FirebaseDatabase.xcframework */,
				F40BEA752668CA2F00E027E1 /* FirebaseFirestore.xcframework */,
				F40BEA5B2668C82200E027E1 /* FirebaseInstallations.xcframework */,
				F40BEA7D2668CA3C00E027E1 /* FirebaseStorage.xcframework */,
				F40BEA612668C82200E027E1 /* GoogleAppMeasurement.xcframework */,
				F40BEA5A2668C82200E027E1 /* GoogleDataTransport.xcframework */,
				F40BEA5D2668C82200E027E1 /* GoogleUtilities.xcframework */,
				F40BEA712668CA2F00E027E1 /* gRPC-C++.xcframework */,
				F40BEA702668CA2F00E027E1 /* gRPC-Core.xcframework */,
				F40BEA7C2668CA3C00E027E1 /* GTMSessionFetcher.xcframework */,
				F40BEA6C2668CA0B00E027E1 /* leveldb-library.xcframework */,
				F40BEA5E2668C82200E027E1 /* nanopb.xcframework */,
				F40BEA602668C82200E027E1 /* PromisesObjC.xcframework */,
			);
			name = Frameworks;
			sourceTree = "<group>";
		};
/* End PBXGroup section */

/* Begin PBXNativeTarget section */
		F40BEA342668C77100E027E1 /* FirebaseIssue8005 */ = {
			isa = PBXNativeTarget;
			buildConfigurationList = F40BEA442668C77100E027E1 /* Build configuration list for PBXNativeTarget "FirebaseIssue8005" */;
			buildPhases = (
				F40BEA312668C77100E027E1 /* Sources */,
				F40BEA322668C77100E027E1 /* Frameworks */,
				F40BEA332668C77100E027E1 /* Resources */,
			);
			buildRules = (
			);
			dependencies = (
			);
			name = FirebaseIssue8005;
			productName = FirebaseIssue8005;
			productReference = F40BEA352668C77100E027E1 /* FirebaseIssue8005.app */;
			productType = "com.apple.product-type.application";
		};
/* End PBXNativeTarget section */

/* Begin PBXProject section */
		F40BEA2D2668C77100E027E1 /* Project object */ = {
			isa = PBXProject;
			attributes = {
				LastSwiftUpdateCheck = 1250;
				LastUpgradeCheck = 1250;
				TargetAttributes = {
					F40BEA342668C77100E027E1 = {
						CreatedOnToolsVersion = 12.5;
					};
				};
			};
			buildConfigurationList = F40BEA302668C77100E027E1 /* Build configuration list for PBXProject "FirebaseIssue8005" */;
			compatibilityVersion = "Xcode 9.3";
			developmentRegion = en;
			hasScannedForEncodings = 0;
			knownRegions = (
				en,
				Base,
			);
			mainGroup = F40BEA2C2668C77100E027E1;
			productRefGroup = F40BEA362668C77100E027E1 /* Products */;
			projectDirPath = "";
			projectRoot = "";
			targets = (
				F40BEA342668C77100E027E1 /* FirebaseIssue8005 */,
			);
		};
/* End PBXProject section */

/* Begin PBXResourcesBuildPhase section */
		F40BEA332668C77100E027E1 /* Resources */ = {
			isa = PBXResourcesBuildPhase;
			buildActionMask = 2147483647;
			files = (
				F40BEA402668C77100E027E1 /* Preview Assets.xcassets in Resources */,
				F40BEA862668D08C00E027E1 /* GoogleService-Info.plist in Resources */,
				F40BEA3D2668C77100E027E1 /* Assets.xcassets in Resources */,
			);
			runOnlyForDeploymentPostprocessing = 0;
		};
/* End PBXResourcesBuildPhase section */

/* Begin PBXSourcesBuildPhase section */
		F40BEA312668C77100E027E1 /* Sources */ = {
			isa = PBXSourcesBuildPhase;
			buildActionMask = 2147483647;
			files = (
				F40BEA882668D3B100E027E1 /* AppDelegate.swift in Sources */,
				F40BEA3B2668C77100E027E1 /* ContentView.swift in Sources */,
				F40BEA392668C77100E027E1 /* FirebaseIssue8005App.swift in Sources */,
			);
			runOnlyForDeploymentPostprocessing = 0;
		};
/* End PBXSourcesBuildPhase section */

/* Begin XCBuildConfiguration section */
		F40BEA422668C77100E027E1 /* Debug */ = {
			isa = XCBuildConfiguration;
			buildSettings = {
				ALWAYS_SEARCH_USER_PATHS = NO;
				CLANG_ANALYZER_NONNULL = YES;
				CLANG_ANALYZER_NUMBER_OBJECT_CONVERSION = YES_AGGRESSIVE;
				CLANG_CXX_LANGUAGE_STANDARD = "gnu++14";
				CLANG_CXX_LIBRARY = "libc++";
				CLANG_ENABLE_MODULES = YES;
				CLANG_ENABLE_OBJC_ARC = YES;
				CLANG_ENABLE_OBJC_WEAK = YES;
				CLANG_WARN_BLOCK_CAPTURE_AUTORELEASING = YES;
				CLANG_WARN_BOOL_CONVERSION = YES;
				CLANG_WARN_COMMA = YES;
				CLANG_WARN_CONSTANT_CONVERSION = YES;
				CLANG_WARN_DEPRECATED_OBJC_IMPLEMENTATIONS = YES;
				CLANG_WARN_DIRECT_OBJC_ISA_USAGE = YES_ERROR;
				CLANG_WARN_DOCUMENTATION_COMMENTS = YES;
				CLANG_WARN_EMPTY_BODY = YES;
				CLANG_WARN_ENUM_CONVERSION = YES;
				CLANG_WARN_INFINITE_RECURSION = YES;
				CLANG_WARN_INT_CONVERSION = YES;
				CLANG_WARN_NON_LITERAL_NULL_CONVERSION = YES;
				CLANG_WARN_OBJC_IMPLICIT_RETAIN_SELF = YES;
				CLANG_WARN_OBJC_LITERAL_CONVERSION = YES;
				CLANG_WARN_OBJC_ROOT_CLASS = YES_ERROR;
				CLANG_WARN_QUOTED_INCLUDE_IN_FRAMEWORK_HEADER = YES;
				CLANG_WARN_RANGE_LOOP_ANALYSIS = YES;
				CLANG_WARN_STRICT_PROTOTYPES = YES;
				CLANG_WARN_SUSPICIOUS_MOVE = YES;
				CLANG_WARN_UNGUARDED_AVAILABILITY = YES_AGGRESSIVE;
				CLANG_WARN_UNREACHABLE_CODE = YES;
				CLANG_WARN__DUPLICATE_METHOD_MATCH = YES;
				COPY_PHASE_STRIP = NO;
				DEBUG_INFORMATION_FORMAT = dwarf;
				ENABLE_STRICT_OBJC_MSGSEND = YES;
				ENABLE_TESTABILITY = YES;
				GCC_C_LANGUAGE_STANDARD = gnu11;
				GCC_DYNAMIC_NO_PIC = NO;
				GCC_NO_COMMON_BLOCKS = YES;
				GCC_OPTIMIZATION_LEVEL = 0;
				GCC_PREPROCESSOR_DEFINITIONS = (
					"DEBUG=1",
					"$(inherited)",
				);
				GCC_WARN_64_TO_32_BIT_CONVERSION = YES;
				GCC_WARN_ABOUT_RETURN_TYPE = YES_ERROR;
				GCC_WARN_UNDECLARED_SELECTOR = YES;
				GCC_WARN_UNINITIALIZED_AUTOS = YES_AGGRESSIVE;
				GCC_WARN_UNUSED_FUNCTION = YES;
				GCC_WARN_UNUSED_VARIABLE = YES;
				IPHONEOS_DEPLOYMENT_TARGET = 14.5;
				MTL_ENABLE_DEBUG_INFO = INCLUDE_SOURCE;
				MTL_FAST_MATH = YES;
				ONLY_ACTIVE_ARCH = YES;
				SDKROOT = iphoneos;
				SWIFT_ACTIVE_COMPILATION_CONDITIONS = DEBUG;
				SWIFT_OPTIMIZATION_LEVEL = "-Onone";
			};
			name = Debug;
		};
		F40BEA432668C77100E027E1 /* Release */ = {
			isa = XCBuildConfiguration;
			buildSettings = {
				ALWAYS_SEARCH_USER_PATHS = NO;
				CLANG_ANALYZER_NONNULL = YES;
				CLANG_ANALYZER_NUMBER_OBJECT_CONVERSION = YES_AGGRESSIVE;
				CLANG_CXX_LANGUAGE_STANDARD = "gnu++14";
				CLANG_CXX_LIBRARY = "libc++";
				CLANG_ENABLE_MODULES = YES;
				CLANG_ENABLE_OBJC_ARC = YES;
				CLANG_ENABLE_OBJC_WEAK = YES;
				CLANG_WARN_BLOCK_CAPTURE_AUTORELEASING = YES;
				CLANG_WARN_BOOL_CONVERSION = YES;
				CLANG_WARN_COMMA = YES;
				CLANG_WARN_CONSTANT_CONVERSION = YES;
				CLANG_WARN_DEPRECATED_OBJC_IMPLEMENTATIONS = YES;
				CLANG_WARN_DIRECT_OBJC_ISA_USAGE = YES_ERROR;
				CLANG_WARN_DOCUMENTATION_COMMENTS = YES;
				CLANG_WARN_EMPTY_BODY = YES;
				CLANG_WARN_ENUM_CONVERSION = YES;
				CLANG_WARN_INFINITE_RECURSION = YES;
				CLANG_WARN_INT_CONVERSION = YES;
				CLANG_WARN_NON_LITERAL_NULL_CONVERSION = YES;
				CLANG_WARN_OBJC_IMPLICIT_RETAIN_SELF = YES;
				CLANG_WARN_OBJC_LITERAL_CONVERSION = YES;
				CLANG_WARN_OBJC_ROOT_CLASS = YES_ERROR;
				CLANG_WARN_QUOTED_INCLUDE_IN_FRAMEWORK_HEADER = YES;
				CLANG_WARN_RANGE_LOOP_ANALYSIS = YES;
				CLANG_WARN_STRICT_PROTOTYPES = YES;
				CLANG_WARN_SUSPICIOUS_MOVE = YES;
				CLANG_WARN_UNGUARDED_AVAILABILITY = YES_AGGRESSIVE;
				CLANG_WARN_UNREACHABLE_CODE = YES;
				CLANG_WARN__DUPLICATE_METHOD_MATCH = YES;
				COPY_PHASE_STRIP = NO;
				DEBUG_INFORMATION_FORMAT = "dwarf-with-dsym";
				ENABLE_NS_ASSERTIONS = NO;
				ENABLE_STRICT_OBJC_MSGSEND = YES;
				GCC_C_LANGUAGE_STANDARD = gnu11;
				GCC_NO_COMMON_BLOCKS = YES;
				GCC_WARN_64_TO_32_BIT_CONVERSION = YES;
				GCC_WARN_ABOUT_RETURN_TYPE = YES_ERROR;
				GCC_WARN_UNDECLARED_SELECTOR = YES;
				GCC_WARN_UNINITIALIZED_AUTOS = YES_AGGRESSIVE;
				GCC_WARN_UNUSED_FUNCTION = YES;
				GCC_WARN_UNUSED_VARIABLE = YES;
				IPHONEOS_DEPLOYMENT_TARGET = 14.5;
				MTL_ENABLE_DEBUG_INFO = NO;
				MTL_FAST_MATH = YES;
				SDKROOT = iphoneos;
				SWIFT_COMPILATION_MODE = wholemodule;
				SWIFT_OPTIMIZATION_LEVEL = "-O";
				VALIDATE_PRODUCT = YES;
			};
			name = Release;
		};
		F40BEA452668C77100E027E1 /* Debug */ = {
			isa = XCBuildConfiguration;
			buildSettings = {
				ASSETCATALOG_COMPILER_APPICON_NAME = AppIcon;
				ASSETCATALOG_COMPILER_GLOBAL_ACCENT_COLOR_NAME = AccentColor;
				CODE_SIGN_STYLE = Automatic;
				DEVELOPMENT_ASSET_PATHS = "\"FirebaseIssue8005/Preview Content\"";
				DEVELOPMENT_TEAM = Q4QF4BXJ43;
				ENABLE_PREVIEWS = YES;
				INFOPLIST_FILE = FirebaseIssue8005/Info.plist;
				IPHONEOS_DEPLOYMENT_TARGET = 14.0;
				LD_RUNPATH_SEARCH_PATHS = (
					"$(inherited)",
					"@executable_path/Frameworks",
				);
				OTHER_LDFLAGS = "-ObjC";
				PRODUCT_BUNDLE_IDENTIFIER = com.example.FirebaseIssue8005;
				PRODUCT_NAME = "$(TARGET_NAME)";
				SWIFT_VERSION = 5.0;
				TARGETED_DEVICE_FAMILY = "1,2";
			};
			name = Debug;
		};
		F40BEA462668C77100E027E1 /* Release */ = {
			isa = XCBuildConfiguration;
			buildSettings = {
				ASSETCATALOG_COMPILER_APPICON_NAME = AppIcon;
				ASSETCATALOG_COMPILER_GLOBAL_ACCENT_COLOR_NAME = AccentColor;
				CODE_SIGN_STYLE = Automatic;
				DEVELOPMENT_ASSET_PATHS = "\"FirebaseIssue8005/Preview Content\"";
				DEVELOPMENT_TEAM = Q4QF4BXJ43;
				ENABLE_PREVIEWS = YES;
				INFOPLIST_FILE = FirebaseIssue8005/Info.plist;
				IPHONEOS_DEPLOYMENT_TARGET = 14.0;
				LD_RUNPATH_SEARCH_PATHS = (
					"$(inherited)",
					"@executable_path/Frameworks",
				);
				OTHER_LDFLAGS = "-ObjC";
				PRODUCT_BUNDLE_IDENTIFIER = com.example.FirebaseIssue8005;
				PRODUCT_NAME = "$(TARGET_NAME)";
				SWIFT_VERSION = 5.0;
				TARGETED_DEVICE_FAMILY = "1,2";
			};
			name = Release;
		};
/* End XCBuildConfiguration section */

/* Begin XCConfigurationList section */
		F40BEA302668C77100E027E1 /* Build configuration list for PBXProject "FirebaseIssue8005" */ = {
			isa = XCConfigurationList;
			buildConfigurations = (
				F40BEA422668C77100E027E1 /* Debug */,
				F40BEA432668C77100E027E1 /* Release */,
			);
			defaultConfigurationIsVisible = 0;
			defaultConfigurationName = Release;
		};
		F40BEA442668C77100E027E1 /* Build configuration list for PBXNativeTarget "FirebaseIssue8005" */ = {
			isa = XCConfigurationList;
			buildConfigurations = (
				F40BEA452668C77100E027E1 /* Debug */,
				F40BEA462668C77100E027E1 /* Release */,
			);
			defaultConfigurationIsVisible = 0;
			defaultConfigurationName = Release;
		};
/* End XCConfigurationList section */
	};
	rootObject = F40BEA2D2668C77100E027E1 /* Project object */;
}
